
Microsoft Visual Studio Solution File, Format Version 12.00
# Visual Studio Version 17
VisualStudioVersion = 17.4.33213.308
MinimumVisualStudioVersion = 10.0.40219.1
Project("{FAE04EC0-301F-11D3-BF4B-00C04F79EFBC}") = "TareaCorta3", "TareaCorta3\TareaCorta3.csproj", "{A088AB72-553B-4129-B821-D72AF9B4928B}"
EndProject
Project("{FAE04EC0-301F-11D3-BF4B-00C04F79EFBC}") = "AccesoDatos", "AccesoDatos\AccesoDatos.csproj", "{97E81B27-3C9E-4793-90CF-639ABA51AE12}"
EndProject
Project("{FAE04EC0-301F-11D3-BF4B-00C04F79EFBC}") = "CapaNegocios", "CapaNegocios\CapaNegocios.csproj", "{D6A03AB8-6F85-48FB-A92B-590F45000A24}"
EndProject
Global
	GlobalSection(SolutionConfigurationPlatforms) = preSolution
		Debug|Any CPU = Debug|Any CPU
		Release|Any CPU = Release|Any CPU
	EndGlobalSection
	GlobalSection(ProjectConfigurationPlatforms) = postSolution
		{A088AB72-553B-4129-B821-D72AF9B4928B}.Debug|Any CPU.ActiveCfg = Debug|Any CPU
		{A088AB72-553B-4129-B821-D72AF9B4928B}.Debug|Any CPU.Build.0 = Debug|Any CPU
		{A088AB72-553B-4129-B821-D72AF9B4928B}.Release|Any CPU.ActiveCfg = Release|Any CPU
		{A088AB72-553B-4129-B821-D72AF9B4928B}.Release|Any CPU.Build.0 = Release|Any CPU
		{97E81B27-3C9E-4793-90CF-639ABA51AE12}.Debug|Any CPU.ActiveCfg = Debug|Any CPU
		{97E81B27-3C9E-4793-90CF-639ABA51AE12}.Debug|Any CPU.Build.0 = Debug|Any CPU
		{97E81B27-3C9E-4793-90CF-639ABA51AE12}.Release|Any CPU.ActiveCfg = Release|Any CPU
		{97E81B27-3C9E-4793-90CF-639ABA51AE12}.Release|Any CPU.Build.0 = Release|Any CPU
		{D6A03AB8-6F85-48FB-A92B-590F45000A24}.Debug|Any CPU.ActiveCfg = Debug|Any CPU
		{D6A03AB8-6F85-48FB-A92B-590F45000A24}.Debug|Any CPU.Build.0 = Debug|Any CPU
		{D6A03AB8-6F85-48FB-A92B-590F45000A24}.Release|Any CPU.ActiveCfg = Release|Any CPU
		{D6A03AB8-6F85-48FB-A92B-590F45000A24}.Release|Any CPU.Build.0 = Release|Any CPU
	EndGlobalSection
	GlobalSection(SolutionProperties) = preSolution
		HideSolutionNode = FALSE
	EndGlobalSection
	GlobalSection(ExtensibilityGlobals) = postSolution
		SolutionGuid = {241A7709-A0D3-450C-B231-AB5F005DCFB0}
	EndGlobalSection
EndGlobal
